
Microsoft Visual Studio Solution File, Format Version 12.00
# Visual Studio Version 17
VisualStudioVersion = 17.8.34330.188
MinimumVisualStudioVersion = 10.0.40219.1
Project("{FAE04EC0-301F-11D3-BF4B-00C04F79EFBC}") = "eTickets", "eTickets\eTickets.csproj", "{B4D0A58A-044B-4273-A7D1-2B071C606993}"
EndProject
Global
	GlobalSection(SolutionConfigurationPlatforms) = preSolution
		Debug|Any CPU = Debug|Any CPU
		Release|Any CPU = Release|Any CPU
	EndGlobalSection
	GlobalSection(ProjectConfigurationPlatforms) = postSolution
		{B4D0A58A-044B-4273-A7D1-2B071C606993}.Debug|Any CPU.ActiveCfg = Debug|Any CPU
		{B4D0A58A-044B-4273-A7D1-2B071C606993}.Debug|Any CPU.Build.0 = Debug|Any CPU
		{B4D0A58A-044B-4273-A7D1-2B071C606993}.Release|Any CPU.ActiveCfg = Release|Any CPU
		{B4D0A58A-044B-4273-A7D1-2B071C606993}.Release|Any CPU.Build.0 = Release|Any CPU
	EndGlobalSection
	GlobalSection(SolutionProperties) = preSolution
		HideSolutionNode = FALSE
	EndGlobalSection
	GlobalSection(ExtensibilityGlobals) = postSolution
		SolutionGuid = {77B4E9CB-21EF-4FC0-959A-F86349A86B99}
	EndGlobalSection
EndGlobal
